
Microsoft Visual Studio Solution File, Format Version 12.00
# Visual Studio Version 17
VisualStudioVersion = 17.12.35514.174 d17.12
MinimumVisualStudioVersion = 10.0.40219.1
Project("{2150E333-8FDC-42A3-9474-1A3956D46DE8}") = "Task0", "Task0", "{74E2546C-237D-4066-8A3D-AFC8E9FE4146}"
EndProject
Project("{FAE04EC0-301F-11D3-BF4B-00C04F79EFBC}") = "Tyuiu.VumaR.Sprint5.Task0.V5", "Tyuiu.VumaR.Sprint5.Task0.V5\Tyuiu.VumaR.Sprint5.Task0.V5.csproj", "{A4DEF8D8-49AE-4696-ACC6-4777CF0B39BD}"
EndProject
Project("{FAE04EC0-301F-11D3-BF4B-00C04F79EFBC}") = "Tyuiu.VumaR.Sprint5.Task0.V5.Lib", "Tyuiu.VumaR.Sprint5.Task0.V5.Lib\Tyuiu.VumaR.Sprint5.Task0.V5.Lib.csproj", "{7A9EFF86-9262-4A48-83BD-F02E6A521ACF}"
EndProject
Project("{FAE04EC0-301F-11D3-BF4B-00C04F79EFBC}") = "Tyuiu.VumaR.Sprint5.Task0.V5.Test", "Tyuiu.VumaR.Sprint5.Task0.V5.Test\Tyuiu.VumaR.Sprint5.Task0.V5.Test.csproj", "{509B93AE-77B9-4F31-8C77-0E7C3C117E34}"
EndProject
Project("{2150E333-8FDC-42A3-9474-1A3956D46DE8}") = "Task1", "Task1", "{0FBAD318-99CD-4061-9AA4-25A37503F14B}"
EndProject
Project("{FAE04EC0-301F-11D3-BF4B-00C04F79EFBC}") = "Tyuiu.VumaR.Sprint5.Task1.V11", "Tyuiu.VumaR.Sprint5.Task1.V11\Tyuiu.VumaR.Sprint5.Task1.V11.csproj", "{5B413A1C-80FA-4A6E-8B1E-C442EFFC75F8}"
EndProject
Project("{FAE04EC0-301F-11D3-BF4B-00C04F79EFBC}") = "Tyuiu.VumaR.Sprint5.Task1.V11.Lib", "Tyuiu.VumaR.Sprint5.Task1.V11.Lib\Tyuiu.VumaR.Sprint5.Task1.V11.Lib.csproj", "{12BF9305-B469-4A5A-9751-0EB2A2E52E69}"
EndProject
Project("{FAE04EC0-301F-11D3-BF4B-00C04F79EFBC}") = "Tyuiu.VumaR.Sprint5.Task1.V11.Test", "Tyuiu.VumaR.Sprint5.Task1.V11.Test\Tyuiu.VumaR.Sprint5.Task1.V11.Test.csproj", "{467777CE-68BB-42CB-8162-B9D86E2F7BBC}"
EndProject
Project("{2150E333-8FDC-42A3-9474-1A3956D46DE8}") = "Task2", "Task2", "{7334B84B-C4CC-4274-848B-8AC9639468EF}"
EndProject
Project("{FAE04EC0-301F-11D3-BF4B-00C04F79EFBC}") = "Tyuiu.VumaR.Sprint5.Task2.V21", "Tyuiu.VumaR.Sprint5.Task2.V21\Tyuiu.VumaR.Sprint5.Task2.V21.csproj", "{7484B88B-702C-4764-8551-13220D315434}"
EndProject
Project("{FAE04EC0-301F-11D3-BF4B-00C04F79EFBC}") = "Tyuiu.VumaR.Sprint5.Task2.V21.Lib", "Tyuiu.VumaR.Sprint5.Task2.V21.Lib\Tyuiu.VumaR.Sprint5.Task2.V21.Lib.csproj", "{0047C41C-505A-46DC-98A7-38D7B56F9E60}"
EndProject
Project("{FAE04EC0-301F-11D3-BF4B-00C04F79EFBC}") = "Tyuiu.VumaR.Sprint5.Task2.V21.Test", "Tyuiu.VumaR.Sprint5.Task2.V21.Test\Tyuiu.VumaR.Sprint5.Task2.V21.Test.csproj", "{6FB75BFD-957A-4AE6-8ADA-4C12EA5E743D}"
EndProject
Global
	GlobalSection(SolutionConfigurationPlatforms) = preSolution
		Debug|Any CPU = Debug|Any CPU
		Release|Any CPU = Release|Any CPU
	EndGlobalSection
	GlobalSection(ProjectConfigurationPlatforms) = postSolution
		{A4DEF8D8-49AE-4696-ACC6-4777CF0B39BD}.Debug|Any CPU.ActiveCfg = Debug|Any CPU
		{A4DEF8D8-49AE-4696-ACC6-4777CF0B39BD}.Debug|Any CPU.Build.0 = Debug|Any CPU
		{A4DEF8D8-49AE-4696-ACC6-4777CF0B39BD}.Release|Any CPU.ActiveCfg = Release|Any CPU
		{A4DEF8D8-49AE-4696-ACC6-4777CF0B39BD}.Release|Any CPU.Build.0 = Release|Any CPU
		{7A9EFF86-9262-4A48-83BD-F02E6A521ACF}.Debug|Any CPU.ActiveCfg = Debug|Any CPU
		{7A9EFF86-9262-4A48-83BD-F02E6A521ACF}.Debug|Any CPU.Build.0 = Debug|Any CPU
		{7A9EFF86-9262-4A48-83BD-F02E6A521ACF}.Release|Any CPU.ActiveCfg = Release|Any CPU
		{7A9EFF86-9262-4A48-83BD-F02E6A521ACF}.Release|Any CPU.Build.0 = Release|Any CPU
		{509B93AE-77B9-4F31-8C77-0E7C3C117E34}.Debug|Any CPU.ActiveCfg = Debug|Any CPU
		{509B93AE-77B9-4F31-8C77-0E7C3C117E34}.Debug|Any CPU.Build.0 = Debug|Any CPU
		{509B93AE-77B9-4F31-8C77-0E7C3C117E34}.Release|Any CPU.ActiveCfg = Release|Any CPU
		{509B93AE-77B9-4F31-8C77-0E7C3C117E34}.Release|Any CPU.Build.0 = Release|Any CPU
		{5B413A1C-80FA-4A6E-8B1E-C442EFFC75F8}.Debug|Any CPU.ActiveCfg = Debug|Any CPU
		{5B413A1C-80FA-4A6E-8B1E-C442EFFC75F8}.Debug|Any CPU.Build.0 = Debug|Any CPU
		{5B413A1C-80FA-4A6E-8B1E-C442EFFC75F8}.Release|Any CPU.ActiveCfg = Release|Any CPU
		{5B413A1C-80FA-4A6E-8B1E-C442EFFC75F8}.Release|Any CPU.Build.0 = Release|Any CPU
		{12BF9305-B469-4A5A-9751-0EB2A2E52E69}.Debug|Any CPU.ActiveCfg = Debug|Any CPU
		{12BF9305-B469-4A5A-9751-0EB2A2E52E69}.Debug|Any CPU.Build.0 = Debug|Any CPU
		{12BF9305-B469-4A5A-9751-0EB2A2E52E69}.Release|Any CPU.ActiveCfg = Release|Any CPU
		{12BF9305-B469-4A5A-9751-0EB2A2E52E69}.Release|Any CPU.Build.0 = Release|Any CPU
		{467777CE-68BB-42CB-8162-B9D86E2F7BBC}.Debug|Any CPU.ActiveCfg = Debug|Any CPU
		{467777CE-68BB-42CB-8162-B9D86E2F7BBC}.Debug|Any CPU.Build.0 = Debug|Any CPU
		{467777CE-68BB-42CB-8162-B9D86E2F7BBC}.Release|Any CPU.ActiveCfg = Release|Any CPU
		{467777CE-68BB-42CB-8162-B9D86E2F7BBC}.Release|Any CPU.Build.0 = Release|Any CPU
		{7484B88B-702C-4764-8551-13220D315434}.Debug|Any CPU.ActiveCfg = Debug|Any CPU
		{7484B88B-702C-4764-8551-13220D315434}.Debug|Any CPU.Build.0 = Debug|Any CPU
		{7484B88B-702C-4764-8551-13220D315434}.Release|Any CPU.ActiveCfg = Release|Any CPU
		{7484B88B-702C-4764-8551-13220D315434}.Release|Any CPU.Build.0 = Release|Any CPU
		{0047C41C-505A-46DC-98A7-38D7B56F9E60}.Debug|Any CPU.ActiveCfg = Debug|Any CPU
		{0047C41C-505A-46DC-98A7-38D7B56F9E60}.Debug|Any CPU.Build.0 = Debug|Any CPU
		{0047C41C-505A-46DC-98A7-38D7B56F9E60}.Release|Any CPU.ActiveCfg = Release|Any CPU
		{0047C41C-505A-46DC-98A7-38D7B56F9E60}.Release|Any CPU.Build.0 = Release|Any CPU
		{6FB75BFD-957A-4AE6-8ADA-4C12EA5E743D}.Debug|Any CPU.ActiveCfg = Debug|Any CPU
		{6FB75BFD-957A-4AE6-8ADA-4C12EA5E743D}.Debug|Any CPU.Build.0 = Debug|Any CPU
		{6FB75BFD-957A-4AE6-8ADA-4C12EA5E743D}.Release|Any CPU.ActiveCfg = Release|Any CPU
		{6FB75BFD-957A-4AE6-8ADA-4C12EA5E743D}.Release|Any CPU.Build.0 = Release|Any CPU
	EndGlobalSection
	GlobalSection(SolutionProperties) = preSolution
		HideSolutionNode = FALSE
	EndGlobalSection
	GlobalSection(NestedProjects) = preSolution
		{A4DEF8D8-49AE-4696-ACC6-4777CF0B39BD} = {74E2546C-237D-4066-8A3D-AFC8E9FE4146}
		{7A9EFF86-9262-4A48-83BD-F02E6A521ACF} = {74E2546C-237D-4066-8A3D-AFC8E9FE4146}
		{509B93AE-77B9-4F31-8C77-0E7C3C117E34} = {74E2546C-237D-4066-8A3D-AFC8E9FE4146}
		{5B413A1C-80FA-4A6E-8B1E-C442EFFC75F8} = {0FBAD318-99CD-4061-9AA4-25A37503F14B}
		{12BF9305-B469-4A5A-9751-0EB2A2E52E69} = {0FBAD318-99CD-4061-9AA4-25A37503F14B}
		{467777CE-68BB-42CB-8162-B9D86E2F7BBC} = {0FBAD318-99CD-4061-9AA4-25A37503F14B}
		{7484B88B-702C-4764-8551-13220D315434} = {7334B84B-C4CC-4274-848B-8AC9639468EF}
		{0047C41C-505A-46DC-98A7-38D7B56F9E60} = {7334B84B-C4CC-4274-848B-8AC9639468EF}
		{6FB75BFD-957A-4AE6-8ADA-4C12EA5E743D} = {7334B84B-C4CC-4274-848B-8AC9639468EF}
	EndGlobalSection
EndGlobal
